Microsoft Visual Studio Solution File, Format Version 11.00
# Visual Studio 2008

Project("{499134A1-8753-752A-D5CE-5C1D01A59B99}") = "Fetch-Simulator-master", "Assembly-CSharp-firstpass.csproj", "{5CD29B5B-7FB9-D3F8-FFF5-76BF4FFE7935}"
EndProject
Project("{499134A1-8753-752A-D5CE-5C1D01A59B99}") = "Fetch-Simulator-master", "Assembly-CSharp.csproj", "{39EF36A0-89D7-8BB9-F315-1D44A9BB6875}"
EndProject
Project("{499134A1-8753-752A-D5CE-5C1D01A59B99}") = "Fetch-Simulator-master", "Assembly-CSharp-Editor.csproj", "{8A98D5E2-D207-CBE2-4A9C-5B5F9DCBFCBE}"
EndProject
Global
	GlobalSection(SolutionConfigurationPlatforms) = preSolution
		Debug|Any CPU = Debug|Any CPU
		Release|Any CPU = Release|Any CPU
	EndGlobalSection
	GlobalSection(ProjectConfigurationPlatforms) = postSolution
		{5CD29B5B-7FB9-D3F8-FFF5-76BF4FFE7935}.Debug|Any CPU.ActiveCfg = Debug|Any CPU
		{5CD29B5B-7FB9-D3F8-FFF5-76BF4FFE7935}.Debug|Any CPU.Build.0 = Debug|Any CPU
		{5CD29B5B-7FB9-D3F8-FFF5-76BF4FFE7935}.Release|Any CPU.ActiveCfg = Release|Any CPU
		{5CD29B5B-7FB9-D3F8-FFF5-76BF4FFE7935}.Release|Any CPU.Build.0 = Release|Any CPU
		{39EF36A0-89D7-8BB9-F315-1D44A9BB6875}.Debug|Any CPU.ActiveCfg = Debug|Any CPU
		{39EF36A0-89D7-8BB9-F315-1D44A9BB6875}.Debug|Any CPU.Build.0 = Debug|Any CPU
		{39EF36A0-89D7-8BB9-F315-1D44A9BB6875}.Release|Any CPU.ActiveCfg = Release|Any CPU
		{39EF36A0-89D7-8BB9-F315-1D44A9BB6875}.Release|Any CPU.Build.0 = Release|Any CPU
		{8A98D5E2-D207-CBE2-4A9C-5B5F9DCBFCBE}.Debug|Any CPU.ActiveCfg = Debug|Any CPU
		{8A98D5E2-D207-CBE2-4A9C-5B5F9DCBFCBE}.Debug|Any CPU.Build.0 = Debug|Any CPU
		{8A98D5E2-D207-CBE2-4A9C-5B5F9DCBFCBE}.Release|Any CPU.ActiveCfg = Release|Any CPU
		{8A98D5E2-D207-CBE2-4A9C-5B5F9DCBFCBE}.Release|Any CPU.Build.0 = Release|Any CPU
	EndGlobalSection
	GlobalSection(SolutionProperties) = preSolution
		HideSolutionNode = FALSE
	EndGlobalSection
	GlobalSection(MonoDevelopProperties) = preSolution
		StartupItem = Assembly-CSharp.csproj
		Policies = $0
		$0.TextStylePolicy = $1
		$1.inheritsSet = null
		$1.scope = text/x-csharp
		$0.CSharpFormattingPolicy = $2
		$2.inheritsSet = Mono
		$2.inheritsScope = text/x-csharp
		$2.scope = text/x-csharp
		$0.TextStylePolicy = $3
		$3.FileWidth = 120
		$3.TabWidth = 4
		$3.IndentWidth = 4
		$3.EolMarker = Unix
		$3.inheritsSet = Mono
		$3.inheritsScope = text/plain
		$3.scope = text/plain
	EndGlobalSection
EndGlobal
